{
  "requires": true,
  "lockfileVersion": 1,
  "dependencies": {
    "list-diff2": {
      "version": "0.1.4",
      "resolved": "http://registry.npm.taobao.org/list-diff2/download/list-diff2-0.1.4.tgz",
      "integrity": "sha1-hTnAXFebQksTSaNL54UI05IN+Vg="
    },
    "simple-virtual-dom": {
      "version": "0.1.10",
      "resolved": "http://registry.npm.taobao.org/simple-virtual-dom/download/simple-virtual-dom-0.1.10.tgz",
      "integrity": "sha1-zlygBnCMz3ntYG4hYal+3LjsbmA=",
      "requires": {
        "list-diff2": "0.1.4"
      }
    }
  }
}
